
Microsoft Visual Studio Solution File, Format Version 12.00
# Visual Studio Version 17
VisualStudioVersion = 17.3.32811.315
MinimumVisualStudioVersion = 10.0.40219.1
Project("{FAE04EC0-301F-11D3-BF4B-00C04F79EFBC}") = "ProjControleEstoque", "ProjControleEstoque.csproj", "{A736A42A-04C8-4861-B0B7-E53363295FBC}"
EndProject
Global
	GlobalSection(SolutionConfigurationPlatforms) = preSolution
		Debug|Any CPU = Debug|Any CPU
		Release|Any CPU = Release|Any CPU
	EndGlobalSection
	GlobalSection(ProjectConfigurationPlatforms) = postSolution
		{A736A42A-04C8-4861-B0B7-E53363295FBC}.Debug|Any CPU.ActiveCfg = Debug|Any CPU
		{A736A42A-04C8-4861-B0B7-E53363295FBC}.Debug|Any CPU.Build.0 = Debug|Any CPU
		{A736A42A-04C8-4861-B0B7-E53363295FBC}.Release|Any CPU.ActiveCfg = Release|Any CPU
		{A736A42A-04C8-4861-B0B7-E53363295FBC}.Release|Any CPU.Build.0 = Release|Any CPU
	EndGlobalSection
	GlobalSection(SolutionProperties) = preSolution
		HideSolutionNode = FALSE
	EndGlobalSection
	GlobalSection(ExtensibilityGlobals) = postSolution
		SolutionGuid = {9DBF219A-0964-4DC9-8C11-9960534069AC}
	EndGlobalSection
EndGlobal
